
Microsoft Visual Studio Solution File, Format Version 12.00
# Visual Studio Version 16
VisualStudioVersion = 16.0.31410.357
MinimumVisualStudioVersion = 10.0.40219.1
Project("{9A19103F-16F7-4668-BE54-9A1E7A4F7556}") = "CodeGenerator.Test", "CodeGenerator.Test\CodeGenerator.Test.csproj", "{FABABA7C-D0BB-4E10-A524-43A2D4F8284F}"
EndProject
Project("{9A19103F-16F7-4668-BE54-9A1E7A4F7556}") = "CodeGenerator.Lib", "CodeGenerator.Lib\CodeGenerator.Lib.csproj", "{FE1ACF71-AD16-4FBB-9920-64B24E6D8A3B}"
EndProject
Project("{9A19103F-16F7-4668-BE54-9A1E7A4F7556}") = "CodeGenerator.Example.Logic", "CodeGenerator.Example.Logic\CodeGenerator.Example.Logic.csproj", "{1A442098-26CB-405E-860A-55AB67F1CAE0}"
EndProject
Project("{FAE04EC0-301F-11D3-BF4B-00C04F79EFBC}") = "CodeGenerator.Console", "CodeGenerator.Console\CodeGenerator.Console.csproj", "{EC979389-0B97-4825-B403-7D631A0BA632}"
EndProject
Global
	GlobalSection(SolutionConfigurationPlatforms) = preSolution
		Debug|Any CPU = Debug|Any CPU
		Release|Any CPU = Release|Any CPU
	EndGlobalSection
	GlobalSection(ProjectConfigurationPlatforms) = postSolution
		{FABABA7C-D0BB-4E10-A524-43A2D4F8284F}.Debug|Any CPU.ActiveCfg = Debug|Any CPU
		{FABABA7C-D0BB-4E10-A524-43A2D4F8284F}.Debug|Any CPU.Build.0 = Debug|Any CPU
		{FABABA7C-D0BB-4E10-A524-43A2D4F8284F}.Release|Any CPU.ActiveCfg = Release|Any CPU
		{FABABA7C-D0BB-4E10-A524-43A2D4F8284F}.Release|Any CPU.Build.0 = Release|Any CPU
		{FE1ACF71-AD16-4FBB-9920-64B24E6D8A3B}.Debug|Any CPU.ActiveCfg = Debug|Any CPU
		{FE1ACF71-AD16-4FBB-9920-64B24E6D8A3B}.Debug|Any CPU.Build.0 = Debug|Any CPU
		{FE1ACF71-AD16-4FBB-9920-64B24E6D8A3B}.Release|Any CPU.ActiveCfg = Release|Any CPU
		{FE1ACF71-AD16-4FBB-9920-64B24E6D8A3B}.Release|Any CPU.Build.0 = Release|Any CPU
		{1A442098-26CB-405E-860A-55AB67F1CAE0}.Debug|Any CPU.ActiveCfg = Debug|Any CPU
		{1A442098-26CB-405E-860A-55AB67F1CAE0}.Debug|Any CPU.Build.0 = Debug|Any CPU
		{1A442098-26CB-405E-860A-55AB67F1CAE0}.Release|Any CPU.ActiveCfg = Release|Any CPU
		{1A442098-26CB-405E-860A-55AB67F1CAE0}.Release|Any CPU.Build.0 = Release|Any CPU
		{EC979389-0B97-4825-B403-7D631A0BA632}.Debug|Any CPU.ActiveCfg = Debug|Any CPU
		{EC979389-0B97-4825-B403-7D631A0BA632}.Debug|Any CPU.Build.0 = Debug|Any CPU
		{EC979389-0B97-4825-B403-7D631A0BA632}.Release|Any CPU.ActiveCfg = Release|Any CPU
		{EC979389-0B97-4825-B403-7D631A0BA632}.Release|Any CPU.Build.0 = Release|Any CPU
	EndGlobalSection
	GlobalSection(SolutionProperties) = preSolution
		HideSolutionNode = FALSE
	EndGlobalSection
	GlobalSection(ExtensibilityGlobals) = postSolution
		SolutionGuid = {7A5675E2-B948-4D2A-8251-4ED47770DDB2}
	EndGlobalSection
EndGlobal
